
Microsoft Visual Studio Solution File, Format Version 12.00
Project("{FAE04EC0-301F-11D3-BF4B-00C04F79EFBC}") = "ShoppingKata.Lib", "ShoppingKata.Lib\ShoppingKata.Lib.csproj", "{8B6F6826-661F-43AC-94DC-D8B80AD682E3}"
EndProject
Project("{FAE04EC0-301F-11D3-BF4B-00C04F79EFBC}") = "ShoppingKata.Lib.Tests", "ShoppingKata.Lib.Tests\ShoppingKata.Lib.Tests.csproj", "{48361346-4B7E-4BC9-AFDD-F3687C854171}"
EndProject
Global
	GlobalSection(SolutionConfigurationPlatforms) = preSolution
		Debug|Any CPU = Debug|Any CPU
		Release|Any CPU = Release|Any CPU
	EndGlobalSection
	GlobalSection(ProjectConfigurationPlatforms) = postSolution
		{8B6F6826-661F-43AC-94DC-D8B80AD682E3}.Debug|Any CPU.ActiveCfg = Debug|Any CPU
		{8B6F6826-661F-43AC-94DC-D8B80AD682E3}.Debug|Any CPU.Build.0 = Debug|Any CPU
		{8B6F6826-661F-43AC-94DC-D8B80AD682E3}.Release|Any CPU.ActiveCfg = Release|Any CPU
		{8B6F6826-661F-43AC-94DC-D8B80AD682E3}.Release|Any CPU.Build.0 = Release|Any CPU
		{48361346-4B7E-4BC9-AFDD-F3687C854171}.Debug|Any CPU.ActiveCfg = Debug|Any CPU
		{48361346-4B7E-4BC9-AFDD-F3687C854171}.Debug|Any CPU.Build.0 = Debug|Any CPU
		{48361346-4B7E-4BC9-AFDD-F3687C854171}.Release|Any CPU.ActiveCfg = Release|Any CPU
		{48361346-4B7E-4BC9-AFDD-F3687C854171}.Release|Any CPU.Build.0 = Release|Any CPU
	EndGlobalSection
EndGlobal
